// !$*UTF8*$!
{
	archiveVersion = 1;
	classes = {
	};
	objectVersion = 55;
	objects = {

/* Begin PBXBuildFile section */
		D6C6E09A2892B5F800880973 /* SwiftUICalendarApp.swift in Sources */ = {isa = PBXBuildFile; fileRef = D6C6E0992892B5F800880973 /* SwiftUICalendarApp.swift */; };
		D6C6E09C2892B5F800880973 /* ContentView.swift in Sources */ = {isa = PBXBuildFile; fileRef = D6C6E09B2892B5F800880973 /* ContentView.swift */; };
		D6C6E09E2892B5FB00880973 /* Assets.xcassets in Resources */ = {isa = PBXBuildFile; fileRef = D6C6E09D2892B5FB00880973 /* Assets.xcassets */; };
		D6C6E0A12892B5FB00880973 /* Preview Assets.xcassets in Resources */ = {isa = PBXBuildFile; fileRef = D6C6E0A02892B5FB00880973 /* Preview Assets.xcassets */; };
		D6C6E0AB2892B5FB00880973 /* SwiftUICalendarTests.swift in Sources */ = {isa = PBXBuildFile; fileRef = D6C6E0AA2892B5FB00880973 /* SwiftUICalendarTests.swift */; };
		D6C6E0B52892B5FB00880973 /* SwiftUICalendarUITests.swift in Sources */ = {isa = PBXBuildFile; fileRef = D6C6E0B42892B5FB00880973 /* SwiftUICalendarUITests.swift */; };
		D6C6E0B72892B5FB00880973 /* SwiftUICalendarUITestsLaunchTests.swift in Sources */ = {isa = PBXBuildFile; fileRef = D6C6E0B62892B5FB00880973 /* SwiftUICalendarUITestsLaunchTests.swift */; };
/* End PBXBuildFile section */

/* Begin PBXContainerItemProxy section */
		D6C6E0A72892B5FB00880973 /* PBXContainerItemProxy */ = {
			isa = PBXContainerItemProxy;
			containerPortal = D6C6E08E2892B5F800880973 /* Project object */;
			proxyType = 1;
			remoteGlobalIDString = D6C6E0952892B5F800880973;
			remoteInfo = SwiftUICalendar;
		};
		D6C6E0B12892B5FB00880973 /* PBXContainerItemProxy */ = {
			isa = PBXContainerItemProxy;
			containerPortal = D6C6E08E2892B5F800880973 /* Project object */;
			proxyType = 1;
			remoteGlobalIDString = D6C6E0952892B5F800880973;
			remoteInfo = SwiftUICalendar;
		};
/* End PBXContainerItemProxy section */

/* Begin PBXFileReference section */
		D6C6E0962892B5F800880973 /* SwiftUICalendar.app */ = {isa = PBXFileReference; explicitFileType = wrapper.application; includeInIndex = 0; path = SwiftUICalendar.app; sourceTree = BUILT_PRODUCTS_DIR; };
		D6C6E0992892B5F800880973 /* SwiftUICalendarApp.swift */ = {isa = PBXFileReference; lastKnownFileType = sourcecode.swift; path = SwiftUICalendarApp.swift; sourceTree = "<group>"; };
		D6C6E09B2892B5F800880973 /* ContentView.swift */ = {isa = PBXFileReference; lastKnownFileType = sourcecode.swift; path = ContentView.swift; sourceTree = "<group>"; };
		D6C6E09D2892B5FB00880973 /* Assets.xcassets */ = {isa = PBXFileReference; lastKnownFileType = folder.assetcatalog; path = Assets.xcassets; sourceTree = "<group>"; };
		D6C6E0A02892B5FB00880973 /* Preview Assets.xcassets */ = {isa = PBXFileReference; lastKnownFileType = folder.assetcatalog; path = "Preview Assets.xcassets"; sourceTree = "<group>"; };
		D6C6E0A62892B5FB00880973 /* SwiftUICalendarTests.xctest */ = {isa = PBXFileReference; explicitFileType = wrapper.cfbundle; includeInIndex = 0; path = SwiftUICalendarTests.xctest; sourceTree = BUILT_PRODUCTS_DIR; };
		D6C6E0AA2892B5FB00880973 /* SwiftUICalendarTests.swift */ = {isa = PBXFileReference; lastKnownFileType = sourcecode.swift; path = SwiftUICalendarTests.swift; sourceTree = "<group>"; };
		D6C6E0B02892B5FB00880973 /* SwiftUICalendarUITests.xctest */ = {isa = PBXFileReference; explicitFileType = wrapper.cfbundle; includeInIndex = 0; path = SwiftUICalendarUITests.xctest; sourceTree = BUILT_PRODUCTS_DIR; };
		D6C6E0B42892B5FB00880973 /* SwiftUICalendarUITests.swift */ = {isa = PBXFileReference; lastKnownFileType = sourcecode.swift; path = SwiftUICalendarUITests.swift; sourceTree = "<group>"; };
		D6C6E0B62892B5FB00880973 /* SwiftUICalendarUITestsLaunchTests.swift */ = {isa = PBXFileReference; lastKnownFileType = sourcecode.swift; path = SwiftUICalendarUITestsLaunchTests.swift; sourceTree = "<group>"; };
/* End PBXFileReference section */

/* Begin PBXFrameworksBuildPhase section */
		D6C6E0932892B5F800880973 /* Frameworks */ = {
			isa = PBXFrameworksBuildPhase;
			buildActionMask = 2147483647;
			files = (
			);
			runOnlyForDeploymentPostprocessing = 0;
		};
		D6C6E0A32892B5FB00880973 /* Frameworks */ = {
			isa = PBXFrameworksBuildPhase;
			buildActionMask = 2147483647;
			files = (
			);
			runOnlyForDeploymentPostprocessing = 0;
		};
		D6C6E0AD2892B5FB00880973 /* Frameworks */ = {
			isa = PBXFrameworksBuildPhase;
			buildActionMask = 2147483647;
			files = (
			);
			runOnlyForDeploymentPostprocessing = 0;
		};
/* End PBXFrameworksBuildPhase section */

/* Begin PBXGroup section */
		D6C6E08D2892B5F800880973 = {
			isa = PBXGroup;
			children = (
				D6C6E0982892B5F800880973 /* SwiftUICalendar */,
				D6C6E0A92892B5FB00880973 /* SwiftUICalendarTests */,
				D6C6E0B32892B5FB00880973 /* SwiftUICalendarUITests */,
				D6C6E0972892B5F800880973 /* Products */,
			);
			sourceTree = "<group>";
		};
		D6C6E0972892B5F800880973 /* Products */ = {
			isa = PBXGroup;
			children = (
				D6C6E0962892B5F800880973 /* SwiftUICalendar.app */,
				D6C6E0A62892B5FB00880973 /* SwiftUICalendarTests.xctest */,
				D6C6E0B02892B5FB00880973 /* SwiftUICalendarUITests.xctest */,
			);
			name = Products;
			sourceTree = "<group>";
		};
		D6C6E0982892B5F800880973 /* SwiftUICalendar */ = {
			isa = PBXGroup;
			children = (
				D6C6E0992892B5F800880973 /* SwiftUICalendarApp.swift */,
				D6C6E09B2892B5F800880973 /* ContentView.swift */,
				D6C6E09D2892B5FB00880973 /* Assets.xcassets */,
				D6C6E09F2892B5FB00880973 /* Preview Content */,
			);
			path = SwiftUICalendar;
			sourceTree = "<group>";
		};
		D6C6E09F2892B5FB00880973 /* Preview Content */ = {
			isa = PBXGroup;
			children = (
				D6C6E0A02892B5FB00880973 /* Preview Assets.xcassets */,
			);
			path = "Preview Content";
			sourceTree = "<group>";
		};
		D6C6E0A92892B5FB00880973 /* SwiftUICalendarTests */ = {
			isa = PBXGroup;
			children = (
				D6C6E0AA2892B5FB00880973 /* SwiftUICalendarTests.swift */,
			);
			path = SwiftUICalendarTests;
			sourceTree = "<group>";
		};
		D6C6E0B32892B5FB00880973 /* SwiftUICalendarUITests */ = {
			isa = PBXGroup;
			children = (
				D6C6E0B42892B5FB00880973 /* SwiftUICalendarUITests.swift */,
				D6C6E0B62892B5FB00880973 /* SwiftUICalendarUITestsLaunchTests.swift */,
			);
			path = SwiftUICalendarUITests;
			sourceTree = "<group>";
		};
/* End PBXGroup section */

/* Begin PBXNativeTarget section */
		D6C6E0952892B5F800880973 /* SwiftUICalendar */ = {
			isa = PBXNativeTarget;
			buildConfigurationList = D6C6E0BA2892B5FB00880973 /* Build configuration list for PBXNativeTarget "SwiftUICalendar" */;
			buildPhases = (
				D6C6E0922892B5F800880973 /* Sources */,
				D6C6E0932892B5F800880973 /* Frameworks */,
				D6C6E0942892B5F800880973 /* Resources */,
			);
			buildRules = (
			);
			dependencies = (
			);
			name = SwiftUICalendar;
			productName = SwiftUICalendar;
			productReference = D6C6E0962892B5F800880973 /* SwiftUICalendar.app */;
			productType = "com.apple.product-type.application";
		};
		D6C6E0A52892B5FB00880973 /* SwiftUICalendarTests */ = {
			isa = PBXNativeTarget;
			buildConfigurationList = D6C6E0BD2892B5FB00880973 /* Build configuration list for PBXNativeTarget "SwiftUICalendarTests" */;
			buildPhases = (
				D6C6E0A22892B5FB00880973 /* Sources */,
				D6C6E0A32892B5FB00880973 /* Frameworks */,
				D6C6E0A42892B5FB00880973 /* Resources */,
			);
			buildRules = (
			);
			dependencies = (
				D6C6E0A82892B5FB00880973 /* PBXTargetDependency */,
			);
			name = SwiftUICalendarTests;
			productName = SwiftUICalendarTests;
			productReference = D6C6E0A62892B5FB00880973 /* SwiftUICalendarTests.xctest */;
			productType = "com.apple.product-type.bundle.unit-test";
		};
		D6C6E0AF2892B5FB00880973 /* SwiftUICalendarUITests */ = {
			isa = PBXNativeTarget;
			buildConfigurationList = D6C6E0C02892B5FB00880973 /* Build configuration list for PBXNativeTarget "SwiftUICalendarUITests" */;
			buildPhases = (
				D6C6E0AC2892B5FB00880973 /* Sources */,
				D6C6E0AD2892B5FB00880973 /* Frameworks */,
				D6C6E0AE2892B5FB00880973 /* Resources */,
			);
			buildRules = (
			);
			dependencies = (
				D6C6E0B22892B5FB00880973 /* PBXTargetDependency */,
			);
			name = SwiftUICalendarUITests;
			productName = SwiftUICalendarUITests;
			productReference = D6C6E0B02892B5FB00880973 /* SwiftUICalendarUITests.xctest */;
			productType = "com.apple.product-type.bundle.ui-testing";
		};
/* End PBXNativeTarget section */

/* Begin PBXProject section */
		D6C6E08E2892B5F800880973 /* Project object */ = {
			isa = PBXProject;
			attributes = {
				BuildIndependentTargetsInParallel = 1;
				LastSwiftUpdateCheck = 1340;
				LastUpgradeCheck = 1340;
				TargetAttributes = {
					D6C6E0952892B5F800880973 = {
						CreatedOnToolsVersion = 13.4.1;
					};
					D6C6E0A52892B5FB00880973 = {
						CreatedOnToolsVersion = 13.4.1;
						TestTargetID = D6C6E0952892B5F800880973;
					};
					D6C6E0AF2892B5FB00880973 = {
						CreatedOnToolsVersion = 13.4.1;
						TestTargetID = D6C6E0952892B5F800880973;
					};
				};
			};
			buildConfigurationList = D6C6E0912892B5F800880973 /* Build configuration list for PBXProject "SwiftUICalendar" */;
			compatibilityVersion = "Xcode 13.0";
			developmentRegion = en;
			hasScannedForEncodings = 0;
			knownRegions = (
				en,
				Base,
			);
			mainGroup = D6C6E08D2892B5F800880973;
			productRefGroup = D6C6E0972892B5F800880973 /* Products */;
			projectDirPath = "";
			projectRoot = "";
			targets = (
				D6C6E0952892B5F800880973 /* SwiftUICalendar */,
				D6C6E0A52892B5FB00880973 /* SwiftUICalendarTests */,
				D6C6E0AF2892B5FB00880973 /* SwiftUICalendarUITests */,
			);
		};
/* End PBXProject section */

/* Begin PBXResourcesBuildPhase section */
		D6C6E0942892B5F800880973 /* Resources */ = {
			isa = PBXResourcesBuildPhase;
			buildActionMask = 2147483647;
			files = (
				D6C6E0A12892B5FB00880973 /* Preview Assets.xcassets in Resources */,
				D6C6E09E2892B5FB00880973 /* Assets.xcassets in Resources */,
			);
			runOnlyForDeploymentPostprocessing = 0;
		};
		D6C6E0A42892B5FB00880973 /* Resources */ = {
			isa = PBXResourcesBuildPhase;
			buildActionMask = 2147483647;
			files = (
			);
			runOnlyForDeploymentPostprocessing = 0;
		};
		D6C6E0AE2892B5FB00880973 /* Resources */ = {
			isa = PBXResourcesBuildPhase;
			buildActionMask = 2147483647;
			files = (
			);
			runOnlyForDeploymentPostprocessing = 0;
		};
/* End PBXResourcesBuildPhase section */

/* Begin PBXSourcesBuildPhase section */
		D6C6E0922892B5F800880973 /* Sources */ = {
			isa = PBXSourcesBuildPhase;
			buildActionMask = 2147483647;
			files = (
				D6C6E09C2892B5F800880973 /* ContentView.swift in Sources */,
				D6C6E09A2892B5F800880973 /* SwiftUICalendarApp.swift in Sources */,
			);
			runOnlyForDeploymentPostprocessing = 0;
		};
		D6C6E0A22892B5FB00880973 /* Sources */ = {
			isa = PBXSourcesBuildPhase;
			buildActionMask = 2147483647;
			files = (
				D6C6E0AB2892B5FB00880973 /* SwiftUICalendarTests.swift in Sources */,
			);
			runOnlyForDeploymentPostprocessing = 0;
		};
		D6C6E0AC2892B5FB00880973 /* Sources */ = {
			isa = PBXSourcesBuildPhase;
			buildActionMask = 2147483647;
			files = (
				D6C6E0B72892B5FB00880973 /* SwiftUICalendarUITestsLaunchTests.swift in Sources */,
				D6C6E0B52892B5FB00880973 /* SwiftUICalendarUITests.swift in Sources */,
			);
			runOnlyForDeploymentPostprocessing = 0;
		};
/* End PBXSourcesBuildPhase section */

/* Begin PBXTargetDependency section */
		D6C6E0A82892B5FB00880973 /* PBXTargetDependency */ = {
			isa = PBXTargetDependency;
			target = D6C6E0952892B5F800880973 /* SwiftUICalendar */;
			targetProxy = D6C6E0A72892B5FB00880973 /* PBXContainerItemProxy */;
		};
		D6C6E0B22892B5FB00880973 /* PBXTargetDependency */ = {
			isa = PBXTargetDependency;
			target = D6C6E0952892B5F800880973 /* SwiftUICalendar */;
			targetProxy = D6C6E0B12892B5FB00880973 /* PBXContainerItemProxy */;
		};
/* End PBXTargetDependency section */

/* Begin XCBuildConfiguration section */
		D6C6E0B82892B5FB00880973 /* Debug */ = {
			isa = XCBuildConfiguration;
			buildSettings = {
				ALWAYS_SEARCH_USER_PATHS = NO;
				CLANG_ANALYZER_NONNULL = YES;
				CLANG_ANALYZER_NUMBER_OBJECT_CONVERSION = YES_AGGRESSIVE;
				CLANG_CXX_LANGUAGE_STANDARD = "gnu++17";
				CLANG_ENABLE_MODULES = YES;
				CLANG_ENABLE_OBJC_ARC = YES;
				CLANG_ENABLE_OBJC_WEAK = YES;
				CLANG_WARN_BLOCK_CAPTURE_AUTORELEASING = YES;
				CLANG_WARN_BOOL_CONVERSION = YES;
				CLANG_WARN_COMMA = YES;
				CLANG_WARN_CONSTANT_CONVERSION = YES;
				CLANG_WARN_DEPRECATED_OBJC_IMPLEMENTATIONS = YES;
				CLANG_WARN_DIRECT_OBJC_ISA_USAGE = YES_ERROR;
				CLANG_WARN_DOCUMENTATION_COMMENTS = YES;
				CLANG_WARN_EMPTY_BODY = YES;
				CLANG_WARN_ENUM_CONVERSION = YES;
				CLANG_WARN_INFINITE_RECURSION = YES;
				CLANG_WARN_INT_CONVERSION = YES;
				CLANG_WARN_NON_LITERAL_NULL_CONVERSION = YES;
				CLANG_WARN_OBJC_IMPLICIT_RETAIN_SELF = YES;
				CLANG_WARN_OBJC_LITERAL_CONVERSION = YES;
				CLANG_WARN_OBJC_ROOT_CLASS = YES_ERROR;
				CLANG_WARN_QUOTED_INCLUDE_IN_FRAMEWORK_HEADER = YES;
				CLANG_WARN_RANGE_LOOP_ANALYSIS = YES;
				CLANG_WARN_STRICT_PROTOTYPES = YES;
				CLANG_WARN_SUSPICIOUS_MOVE = YES;
				CLANG_WARN_UNGUARDED_AVAILABILITY = YES_AGGRESSIVE;
				CLANG_WARN_UNREACHABLE_CODE = YES;
				CLANG_WARN__DUPLICATE_METHOD_MATCH = YES;
				COPY_PHASE_STRIP = NO;
				DEBUG_INFORMATION_FORMAT = dwarf;
				ENABLE_STRICT_OBJC_MSGSEND = YES;
				ENABLE_TESTABILITY = YES;
				GCC_C_LANGUAGE_STANDARD = gnu11;
				GCC_DYNAMIC_NO_PIC = NO;
				GCC_NO_COMMON_BLOCKS = YES;
				GCC_OPTIMIZATION_LEVEL = 0;
				GCC_PREPROCESSOR_DEFINITIONS = (
					"DEBUG=1",
					"$(inherited)",
				);
				GCC_WARN_64_TO_32_BIT_CONVERSION = YES;
				GCC_WARN_ABOUT_RETURN_TYPE = YES_ERROR;
				GCC_WARN_UNDECLARED_SELECTOR = YES;
				GCC_WARN_UNINITIALIZED_AUTOS = YES_AGGRESSIVE;
				GCC_WARN_UNUSED_FUNCTION = YES;
				GCC_WARN_UNUSED_VARIABLE = YES;
				IPHONEOS_DEPLOYMENT_TARGET = 15.5;
				MTL_ENABLE_DEBUG_INFO = INCLUDE_SOURCE;
				MTL_FAST_MATH = YES;
				ONLY_ACTIVE_ARCH = YES;
				SDKROOT = iphoneos;
				SWIFT_ACTIVE_COMPILATION_CONDITIONS = DEBUG;
				SWIFT_OPTIMIZATION_LEVEL = "-Onone";
			};
			name = Debug;
		};
		D6C6E0B92892B5FB00880973 /* Release */ = {
			isa = XCBuildConfiguration;
			buildSettings = {
				ALWAYS_SEARCH_USER_PATHS = NO;
				CLANG_ANALYZER_NONNULL = YES;
				CLANG_ANALYZER_NUMBER_OBJECT_CONVERSION = YES_AGGRESSIVE;
				CLANG_CXX_LANGUAGE_STANDARD = "gnu++17";
				CLANG_ENABLE_MODULES = YES;
				CLANG_ENABLE_OBJC_ARC = YES;
				CLANG_ENABLE_OBJC_WEAK = YES;
				CLANG_WARN_BLOCK_CAPTURE_AUTORELEASING = YES;
				CLANG_WARN_BOOL_CONVERSION = YES;
				CLANG_WARN_COMMA = YES;
				CLANG_WARN_CONSTANT_CONVERSION = YES;
				CLANG_WARN_DEPRECATED_OBJC_IMPLEMENTATIONS = YES;
				CLANG_WARN_DIRECT_OBJC_ISA_USAGE = YES_ERROR;
				CLANG_WARN_DOCUMENTATION_COMMENTS = YES;
				CLANG_WARN_EMPTY_BODY = YES;
				CLANG_WARN_ENUM_CONVERSION = YES;
				CLANG_WARN_INFINITE_RECURSION = YES;
				CLANG_WARN_INT_CONVERSION = YES;
				CLANG_WARN_NON_LITERAL_NULL_CONVERSION = YES;
				CLANG_WARN_OBJC_IMPLICIT_RETAIN_SELF = YES;
				CLANG_WARN_OBJC_LITERAL_CONVERSION = YES;
				CLANG_WARN_OBJC_ROOT_CLASS = YES_ERROR;
				CLANG_WARN_QUOTED_INCLUDE_IN_FRAMEWORK_HEADER = YES;
				CLANG_WARN_RANGE_LOOP_ANALYSIS = YES;
				CLANG_WARN_STRICT_PROTOTYPES = YES;
				CLANG_WARN_SUSPICIOUS_MOVE = YES;
				CLANG_WARN_UNGUARDED_AVAILABILITY = YES_AGGRESSIVE;
				CLANG_WARN_UNREACHABLE_CODE = YES;
				CLANG_WARN__DUPLICATE_METHOD_MATCH = YES;
				COPY_PHASE_STRIP = NO;
				DEBUG_INFORMATION_FORMAT = "dwarf-with-dsym";
				ENABLE_NS_ASSERTIONS = NO;
				ENABLE_STRICT_OBJC_MSGSEND = YES;
				GCC_C_LANGUAGE_STANDARD = gnu11;
				GCC_NO_COMMON_BLOCKS = YES;
				GCC_WARN_64_TO_32_BIT_CONVERSION = YES;
				GCC_WARN_ABOUT_RETURN_TYPE = YES_ERROR;
				GCC_WARN_UNDECLARED_SELECTOR = YES;
				GCC_WARN_UNINITIALIZED_AUTOS = YES_AGGRESSIVE;
				GCC_WARN_UNUSED_FUNCTION = YES;
				GCC_WARN_UNUSED_VARIABLE = YES;
				IPHONEOS_DEPLOYMENT_TARGET = 15.5;
				MTL_ENABLE_DEBUG_INFO = NO;
				MTL_FAST_MATH = YES;
				SDKROOT = iphoneos;
				SWIFT_COMPILATION_MODE = wholemodule;
				SWIFT_OPTIMIZATION_LEVEL = "-O";
				VALIDATE_PRODUCT = YES;
			};
			name = Release;
		};
		D6C6E0BB2892B5FB00880973 /* Debug */ = {
			isa = XCBuildConfiguration;
			buildSettings = {
				ASSETCATALOG_COMPILER_APPICON_NAME = AppIcon;
				ASSETCATALOG_COMPILER_GLOBAL_ACCENT_COLOR_NAME = AccentColor;
				CODE_SIGN_STYLE = Automatic;
				CURRENT_PROJECT_VERSION = 1;
				DEVELOPMENT_ASSET_PATHS = "\"SwiftUICalendar/Preview Content\"";
				DEVELOPMENT_TEAM = 588PCRUA35;
				ENABLE_PREVIEWS = YES;
				GENERATE_INFOPLIST_FILE = YES;
				INFOPLIST_KEY_UIApplicationSceneManifest_Generation = YES;
				INFOPLIST_KEY_UIApplicationSupportsIndirectInputEvents = YES;
				INFOPLIST_KEY_UILaunchScreen_Generation = YES;
				INFOPLIST_KEY_UISupportedInterfaceOrientations_iPad = "UIInterfaceOrientationPortrait UIInterfaceOrientationPortraitUpsideDown UIInterfaceOrientationLandscapeLeft UIInterfaceOrientationLandscapeRight";
				INFOPLIST_KEY_UISupportedInterfaceOrientations_iPhone = "UIInterfaceOrientationPortrait UIInterfaceOrientationLandscapeLeft UIInterfaceOrientationLandscapeRight";
				LD_RUNPATH_SEARCH_PATHS = (
					"$(inherited)",
					"@executable_path/Frameworks",
				);
				MARKETING_VERSION = 1.0;
				PRODUCT_BUNDLE_IDENTIFIER = com.LinwoodTechnologies.SwiftUICalendar;
				PRODUCT_NAME = "$(TARGET_NAME)";
				SWIFT_EMIT_LOC_STRINGS = YES;
				SWIFT_VERSION = 5.0;
				TARGETED_DEVICE_FAMILY = "1,2";
			};
			name = Debug;
		};
		D6C6E0BC2892B5FB00880973 /* Release */ = {
			isa = XCBuildConfiguration;
			buildSettings = {
				ASSETCATALOG_COMPILER_APPICON_NAME = AppIcon;
				ASSETCATALOG_COMPILER_GLOBAL_ACCENT_COLOR_NAME = AccentColor;
				CODE_SIGN_STYLE = Automatic;
				CURRENT_PROJECT_VERSION = 1;
				DEVELOPMENT_ASSET_PATHS = "\"SwiftUICalendar/Preview Content\"";
				DEVELOPMENT_TEAM = 588PCRUA35;
				ENABLE_PREVIEWS = YES;
				GENERATE_INFOPLIST_FILE = YES;
				INFOPLIST_KEY_UIApplicationSceneManifest_Generation = YES;
				INFOPLIST_KEY_UIApplicationSupportsIndirectInputEvents = YES;
				INFOPLIST_KEY_UILaunchScreen_Generation = YES;
				INFOPLIST_KEY_UISupportedInterfaceOrientations_iPad = "UIInterfaceOrientationPortrait UIInterfaceOrientationPortraitUpsideDown UIInterfaceOrientationLandscapeLeft UIInterfaceOrientationLandscapeRight";
				INFOPLIST_KEY_UISupportedInterfaceOrientations_iPhone = "UIInterfaceOrientationPortrait UIInterfaceOrientationLandscapeLeft UIInterfaceOrientationLandscapeRight";
				LD_RUNPATH_SEARCH_PATHS = (
					"$(inherited)",
					"@executable_path/Frameworks",
				);
				MARKETING_VERSION = 1.0;
				PRODUCT_BUNDLE_IDENTIFIER = com.LinwoodTechnologies.SwiftUICalendar;
				PRODUCT_NAME = "$(TARGET_NAME)";
				SWIFT_EMIT_LOC_STRINGS = YES;
				SWIFT_VERSION = 5.0;
				TARGETED_DEVICE_FAMILY = "1,2";
			};
			name = Release;
		};
		D6C6E0BE2892B5FB00880973 /* Debug */ = {
			isa = XCBuildConfiguration;
			buildSettings = {
				ALWAYS_EMBED_SWIFT_STANDARD_LIBRARIES = YES;
				BUNDLE_LOADER = "$(TEST_HOST)";
				CODE_SIGN_STYLE = Automatic;
				CURRENT_PROJECT_VERSION = 1;
				DEVELOPMENT_TEAM = 588PCRUA35;
				GENERATE_INFOPLIST_FILE = YES;
				IPHONEOS_DEPLOYMENT_TARGET = 15.5;
				MARKETING_VERSION = 1.0;
				PRODUCT_BUNDLE_IDENTIFIER = com.LinwoodTechnologies.SwiftUICalendarTests;
				PRODUCT_NAME = "$(TARGET_NAME)";
				SWIFT_EMIT_LOC_STRINGS = NO;
				SWIFT_VERSION = 5.0;
				TARGETED_DEVICE_FAMILY = "1,2";
				TEST_HOST = "$(BUILT_PRODUCTS_DIR)/SwiftUICalendar.app/SwiftUICalendar";
			};
			name = Debug;
		};
		D6C6E0BF2892B5FB00880973 /* Release */ = {
			isa = XCBuildConfiguration;
			buildSettings = {
				ALWAYS_EMBED_SWIFT_STANDARD_LIBRARIES = YES;
				BUNDLE_LOADER = "$(TEST_HOST)";
				CODE_SIGN_STYLE = Automatic;
				CURRENT_PROJECT_VERSION = 1;
				DEVELOPMENT_TEAM = 588PCRUA35;
				GENERATE_INFOPLIST_FILE = YES;
				IPHONEOS_DEPLOYMENT_TARGET = 15.5;
				MARKETING_VERSION = 1.0;
				PRODUCT_BUNDLE_IDENTIFIER = com.LinwoodTechnologies.SwiftUICalendarTests;
				PRODUCT_NAME = "$(TARGET_NAME)";
				SWIFT_EMIT_LOC_STRINGS = NO;
				SWIFT_VERSION = 5.0;
				TARGETED_DEVICE_FAMILY = "1,2";
				TEST_HOST = "$(BUILT_PRODUCTS_DIR)/SwiftUICalendar.app/SwiftUICalendar";
			};
			name = Release;
		};
		D6C6E0C12892B5FB00880973 /* Debug */ = {
			isa = XCBuildConfiguration;
			buildSettings = {
				ALWAYS_EMBED_SWIFT_STANDARD_LIBRARIES = YES;
				CODE_SIGN_STYLE = Automatic;
				CURRENT_PROJECT_VERSION = 1;
				DEVELOPMENT_TEAM = 588PCRUA35;
				GENERATE_INFOPLIST_FILE = YES;
				MARKETING_VERSION = 1.0;
				PRODUCT_BUNDLE_IDENTIFIER = com.LinwoodTechnologies.SwiftUICalendarUITests;
				PRODUCT_NAME = "$(TARGET_NAME)";
				SWIFT_EMIT_LOC_STRINGS = NO;
				SWIFT_VERSION = 5.0;
				TARGETED_DEVICE_FAMILY = "1,2";
				TEST_TARGET_NAME = SwiftUICalendar;
			};
			name = Debug;
		};
		D6C6E0C22892B5FB00880973 /* Release */ = {
			isa = XCBuildConfiguration;
			buildSettings = {
				ALWAYS_EMBED_SWIFT_STANDARD_LIBRARIES = YES;
				CODE_SIGN_STYLE = Automatic;
				CURRENT_PROJECT_VERSION = 1;
				DEVELOPMENT_TEAM = 588PCRUA35;
				GENERATE_INFOPLIST_FILE = YES;
				MARKETING_VERSION = 1.0;
				PRODUCT_BUNDLE_IDENTIFIER = com.LinwoodTechnologies.SwiftUICalendarUITests;
				PRODUCT_NAME = "$(TARGET_NAME)";
				SWIFT_EMIT_LOC_STRINGS = NO;
				SWIFT_VERSION = 5.0;
				TARGETED_DEVICE_FAMILY = "1,2";
				TEST_TARGET_NAME = SwiftUICalendar;
			};
			name = Release;
		};
/* End XCBuildConfiguration section */

/* Begin XCConfigurationList section */
		D6C6E0912892B5F800880973 /* Build configuration list for PBXProject "SwiftUICalendar" */ = {
			isa = XCConfigurationList;
			buildConfigurations = (
				D6C6E0B82892B5FB00880973 /* Debug */,
				D6C6E0B92892B5FB00880973 /* Release */,
			);
			defaultConfigurationIsVisible = 0;
			defaultConfigurationName = Release;
		};
		D6C6E0BA2892B5FB00880973 /* Build configuration list for PBXNativeTarget "SwiftUICalendar" */ = {
			isa = XCConfigurationList;
			buildConfigurations = (
				D6C6E0BB2892B5FB00880973 /* Debug */,
				D6C6E0BC2892B5FB00880973 /* Release */,
			);
			defaultConfigurationIsVisible = 0;
			defaultConfigurationName = Release;
		};
		D6C6E0BD2892B5FB00880973 /* Build configuration list for PBXNativeTarget "SwiftUICalendarTests" */ = {
			isa = XCConfigurationList;
			buildConfigurations = (
				D6C6E0BE2892B5FB00880973 /* Debug */,
				D6C6E0BF2892B5FB00880973 /* Release */,
			);
			defaultConfigurationIsVisible = 0;
			defaultConfigurationName = Release;
		};
		D6C6E0C02892B5FB00880973 /* Build configuration list for PBXNativeTarget "SwiftUICalendarUITests" */ = {
			isa = XCConfigurationList;
			buildConfigurations = (
				D6C6E0C12892B5FB00880973 /* Debug */,
				D6C6E0C22892B5FB00880973 /* Release */,
			);
			defaultConfigurationIsVisible = 0;
			defaultConfigurationName = Release;
		};
/* End XCConfigurationList section */
	};
	rootObject = D6C6E08E2892B5F800880973 /* Project object */;
}
